
Microsoft Visual Studio Solution File, Format Version 12.00
# Visual Studio Version 17
VisualStudioVersion = 17.9.34728.123
MinimumVisualStudioVersion = 10.0.40219.1
Project("{9A19103F-16F7-4668-BE54-9A1E7A4F7556}") = "ConfigurateService", "ConfigurateService.csproj", "{158E3716-4F81-48B7-BF63-5C3BF4223009}"
EndProject
Global
	GlobalSection(SolutionConfigurationPlatforms) = preSolution
		Debug|Any CPU = Debug|Any CPU
		Release|Any CPU = Release|Any CPU
	EndGlobalSection
	GlobalSection(ProjectConfigurationPlatforms) = postSolution
		{158E3716-4F81-48B7-BF63-5C3BF4223009}.Debug|Any CPU.ActiveCfg = Debug|Any CPU
		{158E3716-4F81-48B7-BF63-5C3BF4223009}.Debug|Any CPU.Build.0 = Debug|Any CPU
		{158E3716-4F81-48B7-BF63-5C3BF4223009}.Release|Any CPU.ActiveCfg = Release|Any CPU
		{158E3716-4F81-48B7-BF63-5C3BF4223009}.Release|Any CPU.Build.0 = Release|Any CPU
	EndGlobalSection
	GlobalSection(SolutionProperties) = preSolution
		HideSolutionNode = FALSE
	EndGlobalSection
	GlobalSection(ExtensibilityGlobals) = postSolution
		SolutionGuid = {EDD1B14C-0CF2-4B50-8495-6C1E84E6FA5C}
	EndGlobalSection
EndGlobal
